// !$*UTF8*$!
{
	archiveVersion = 1;
	classes = {
	};
	objectVersion = 77;
	objects = {

/* Begin PBXBuildFile section */
		A8AC4B7D2F164EB2009C0010 /* LoginRegisterView.swift in Sources */ = {isa = PBXBuildFile; fileRef = A8AC4B7C2F164EB2009C0010 /* LoginRegisterView.swift */; };
		A8AC4B7F2F164EB3009C0010 /* Assets.xcassets in Resources */ = {isa = PBXBuildFile; fileRef = A8AC4B7E2F164EB3009C0010 /* Assets.xcassets */; };
		A8AC4BCB2F16713C009C0010 /* AuthButtonStyle.swift in Sources */ = {isa = PBXBuildFile; fileRef = A8AC4BCA2F167139009C0010 /* AuthButtonStyle.swift */; };
		A8AC4BCD2F16716A009C0010 /* AuthTextFieldStyle.swift in Sources */ = {isa = PBXBuildFile; fileRef = A8AC4BCC2F16715F009C0010 /* AuthTextFieldStyle.swift */; };
		A8AC4BD02F16719F009C0010 /* TopView.swift in Sources */ = {isa = PBXBuildFile; fileRef = A8AC4BCF2F16719D009C0010 /* TopView.swift */; };
		A8AC4BD22F16722A009C0010 /* SegmentedView.swift in Sources */ = {isa = PBXBuildFile; fileRef = A8AC4BD12F167217009C0010 /* SegmentedView.swift */; };
		A8AC4BD42F167235009C0010 /* BottomView.swift in Sources */ = {isa = PBXBuildFile; fileRef = A8AC4BD32F16722E009C0010 /* BottomView.swift */; };
		A8AC4C172F24688F009C0010 /* HomeTopView.swift in Sources */ = {isa = PBXBuildFile; fileRef = A8AC4C162F24688C009C0010 /* HomeTopView.swift */; };
		A8AC4C192F2468B4009C0010 /* HomeView.swift in Sources */ = {isa = PBXBuildFile; fileRef = A8AC4C182F2468B1009C0010 /* HomeView.swift */; };
		A8AC4C1C2F2492C9009C0010 /* Auth in Frameworks */ = {isa = PBXBuildFile; productRef = A8AC4C1B2F2492C9009C0010 /* Auth */; };
		A8AC4C1E2F2492CA009C0010 /* Functions in Frameworks */ = {isa = PBXBuildFile; productRef = A8AC4C1D2F2492CA009C0010 /* Functions */; };
		A8AC4C202F2492CA009C0010 /* PostgREST in Frameworks */ = {isa = PBXBuildFile; productRef = A8AC4C1F2F2492CA009C0010 /* PostgREST */; };
		A8AC4C222F2492CA009C0010 /* Realtime in Frameworks */ = {isa = PBXBuildFile; productRef = A8AC4C212F2492CA009C0010 /* Realtime */; };
		A8AC4C242F2492CA009C0010 /* Storage in Frameworks */ = {isa = PBXBuildFile; productRef = A8AC4C232F2492CA009C0010 /* Storage */; };
		A8AC4C462F24999E009C0010 /* SearchTextField.swift in Sources */ = {isa = PBXBuildFile; fileRef = A8AC4C452F24999A009C0010 /* SearchTextField.swift */; };
		A8AC4C482F2734C8009C0010 /* SectionHeaderView.swift in Sources */ = {isa = PBXBuildFile; fileRef = A8AC4C472F2734C8009C0010 /* SectionHeaderView.swift */; };
		A8AC4C4D2F27A1B3009C0010 /* Supabase in Frameworks */ = {isa = PBXBuildFile; productRef = A8AC4C4C2F27A1B3009C0010 /* Supabase */; };
		A8AC4C4F2F27A2F0009C0010 /* HorizontalCartoonList.swift in Sources */ = {isa = PBXBuildFile; fileRef = A8AC4C4E2F27A2E9009C0010 /* HorizontalCartoonList.swift */; };
		A8AC4C512F27A307009C0010 /* CartoonThumbnail.swift in Sources */ = {isa = PBXBuildFile; fileRef = A8AC4C502F27A301009C0010 /* CartoonThumbnail.swift */; };
		A8AC4C702F2880BA009C0010 /* CategoryButton.swift in Sources */ = {isa = PBXBuildFile; fileRef = A8AC4C6F2F2880B6009C0010 /* CategoryButton.swift */; };
		A8AC4C722F2880CF009C0010 /* CategorySelectorView.swift in Sources */ = {isa = PBXBuildFile; fileRef = A8AC4C712F2880CA009C0010 /* CategorySelectorView.swift */; };
		A8AC4C7A2F29058B009C0010 /* VerticalCartoonList.swift in Sources */ = {isa = PBXBuildFile; fileRef = A8AC4C792F290586009C0010 /* VerticalCartoonList.swift */; };
		A8AC4C7E2F29D827009C0010 /* VerticalCartoonCard.swift in Sources */ = {isa = PBXBuildFile; fileRef = A8AC4C7D2F29D824009C0010 /* VerticalCartoonCard.swift */; };
		A8AC4C882F2B3393009C0010 /* FloatingTabBarView.swift in Sources */ = {isa = PBXBuildFile; fileRef = A8AC4C872F2B3390009C0010 /* FloatingTabBarView.swift */; };
		A8AC4C8A2F2B33FA009C0010 /* MainTabView.swift in Sources */ = {isa = PBXBuildFile; fileRef = A8AC4C892F2B33F8009C0010 /* MainTabView.swift */; };
		A8AC4C8C2F2B3430009C0010 /* FavoriteView.swift in Sources */ = {isa = PBXBuildFile; fileRef = A8AC4C8B2F2B342B009C0010 /* FavoriteView.swift */; };
		A8AC4C8E2F2B3439009C0010 /* ProfileView.swift in Sources */ = {isa = PBXBuildFile; fileRef = A8AC4C8D2F2B3436009C0010 /* ProfileView.swift */; };
		A8AC4C912F2B96FC009C0010 /* ScrollOffsetPreferenceKey.swift in Sources */ = {isa = PBXBuildFile; fileRef = A8AC4C902F2B96F1009C0010 /* ScrollOffsetPreferenceKey.swift */; };
		A8AC4C972F2E39FC009C0010 /* KeyboardObserver.swift in Sources */ = {isa = PBXBuildFile; fileRef = A8AC4C962F2E39F6009C0010 /* KeyboardObserver.swift */; };
		A8AC4C9C2F31A5FF009C0010 /* FavoriteCard.swift in Sources */ = {isa = PBXBuildFile; fileRef = A8AC4C9B2F31A5FB009C0010 /* FavoriteCard.swift */; };
/* End PBXBuildFile section */

/* Begin PBXContainerItemProxy section */
		A8AC4B852F164EB3009C0010 /* PBXContainerItemProxy */ = {
			isa = PBXContainerItemProxy;
			containerPortal = A8AC4B6F2F164EB2009C0010 /* Project object */;
			proxyType = 1;
			remoteGlobalIDString = A8AC4B762F164EB2009C0010;
			remoteInfo = Cartoonify;
		};
		A8AC4B8F2F164EB3009C0010 /* PBXContainerItemProxy */ = {
			isa = PBXContainerItemProxy;
			containerPortal = A8AC4B6F2F164EB2009C0010 /* Project object */;
			proxyType = 1;
			remoteGlobalIDString = A8AC4B762F164EB2009C0010;
			remoteInfo = Cartoonify;
		};
/* End PBXContainerItemProxy section */

/* Begin PBXFileReference section */
		A8AC4B772F164EB2009C0010 /* Cartoonify.app */ = {isa = PBXFileReference; explicitFileType = wrapper.application; includeInIndex = 0; path = Cartoonify.app; sourceTree = BUILT_PRODUCTS_DIR; };
		A8AC4B7C2F164EB2009C0010 /* LoginRegisterView.swift */ = {isa = PBXFileReference; lastKnownFileType = sourcecode.swift; path = LoginRegisterView.swift; sourceTree = "<group>"; };
		A8AC4B7E2F164EB3009C0010 /* Assets.xcassets */ = {isa = PBXFileReference; lastKnownFileType = folder.assetcatalog; path = Assets.xcassets; sourceTree = "<group>"; };
		A8AC4B842F164EB3009C0010 /* CartoonifyTests.xctest */ = {isa = PBXFileReference; explicitFileType = wrapper.cfbundle; includeInIndex = 0; path = CartoonifyTests.xctest; sourceTree = BUILT_PRODUCTS_DIR; };
		A8AC4B8E2F164EB3009C0010 /* CartoonifyUITests.xctest */ = {isa = PBXFileReference; explicitFileType = wrapper.cfbundle; includeInIndex = 0; path = CartoonifyUITests.xctest; sourceTree = BUILT_PRODUCTS_DIR; };
		A8AC4BCA2F167139009C0010 /* AuthButtonStyle.swift */ = {isa = PBXFileReference; lastKnownFileType = sourcecode.swift; path = AuthButtonStyle.swift; sourceTree = "<group>"; };
		A8AC4BCC2F16715F009C0010 /* AuthTextFieldStyle.swift */ = {isa = PBXFileReference; lastKnownFileType = sourcecode.swift; path = AuthTextFieldStyle.swift; sourceTree = "<group>"; };
		A8AC4BCF2F16719D009C0010 /* TopView.swift */ = {isa = PBXFileReference; lastKnownFileType = sourcecode.swift; path = TopView.swift; sourceTree = "<group>"; };
		A8AC4BD12F167217009C0010 /* SegmentedView.swift */ = {isa = PBXFileReference; lastKnownFileType = sourcecode.swift; path = SegmentedView.swift; sourceTree = "<group>"; };
		A8AC4BD32F16722E009C0010 /* BottomView.swift */ = {isa = PBXFileReference; lastKnownFileType = sourcecode.swift; path = BottomView.swift; sourceTree = "<group>"; };
		A8AC4C162F24688C009C0010 /* HomeTopView.swift */ = {isa = PBXFileReference; lastKnownFileType = sourcecode.swift; path = HomeTopView.swift; sourceTree = "<group>"; };
		A8AC4C182F2468B1009C0010 /* HomeView.swift */ = {isa = PBXFileReference; lastKnownFileType = sourcecode.swift; path = HomeView.swift; sourceTree = "<group>"; };
		A8AC4C452F24999A009C0010 /* SearchTextField.swift */ = {isa = PBXFileReference; lastKnownFileType = sourcecode.swift; path = SearchTextField.swift; sourceTree = "<group>"; };
		A8AC4C472F2734C8009C0010 /* SectionHeaderView.swift */ = {isa = PBXFileReference; lastKnownFileType = sourcecode.swift; path = SectionHeaderView.swift; sourceTree = "<group>"; };
		A8AC4C4E2F27A2E9009C0010 /* HorizontalCartoonList.swift */ = {isa = PBXFileReference; lastKnownFileType = sourcecode.swift; path = HorizontalCartoonList.swift; sourceTree = "<group>"; };
		A8AC4C502F27A301009C0010 /* CartoonThumbnail.swift */ = {isa = PBXFileReference; lastKnownFileType = sourcecode.swift; path = CartoonThumbnail.swift; sourceTree = "<group>"; };
		A8AC4C6F2F2880B6009C0010 /* CategoryButton.swift */ = {isa = PBXFileReference; lastKnownFileType = sourcecode.swift; path = CategoryButton.swift; sourceTree = "<group>"; };
		A8AC4C712F2880CA009C0010 /* CategorySelectorView.swift */ = {isa = PBXFileReference; lastKnownFileType = sourcecode.swift; path = CategorySelectorView.swift; sourceTree = "<group>"; };
		A8AC4C792F290586009C0010 /* VerticalCartoonList.swift */ = {isa = PBXFileReference; lastKnownFileType = sourcecode.swift; path = VerticalCartoonList.swift; sourceTree = "<group>"; };
		A8AC4C7D2F29D824009C0010 /* VerticalCartoonCard.swift */ = {isa = PBXFileReference; lastKnownFileType = sourcecode.swift; path = VerticalCartoonCard.swift; sourceTree = "<group>"; };
		A8AC4C872F2B3390009C0010 /* FloatingTabBarView.swift */ = {isa = PBXFileReference; lastKnownFileType = sourcecode.swift; path = FloatingTabBarView.swift; sourceTree = "<group>"; };
		A8AC4C892F2B33F8009C0010 /* MainTabView.swift */ = {isa = PBXFileReference; lastKnownFileType = sourcecode.swift; path = MainTabView.swift; sourceTree = "<group>"; };
		A8AC4C8B2F2B342B009C0010 /* FavoriteView.swift */ = {isa = PBXFileReference; lastKnownFileType = sourcecode.swift; path = FavoriteView.swift; sourceTree = "<group>"; };
		A8AC4C8D2F2B3436009C0010 /* ProfileView.swift */ = {isa = PBXFileReference; lastKnownFileType = sourcecode.swift; path = ProfileView.swift; sourceTree = "<group>"; };
		A8AC4C902F2B96F1009C0010 /* ScrollOffsetPreferenceKey.swift */ = {isa = PBXFileReference; lastKnownFileType = sourcecode.swift; path = ScrollOffsetPreferenceKey.swift; sourceTree = "<group>"; };
		A8AC4C962F2E39F6009C0010 /* KeyboardObserver.swift */ = {isa = PBXFileReference; lastKnownFileType = sourcecode.swift; path = KeyboardObserver.swift; sourceTree = "<group>"; };
		A8AC4C9B2F31A5FB009C0010 /* FavoriteCard.swift */ = {isa = PBXFileReference; lastKnownFileType = sourcecode.swift; path = FavoriteCard.swift; sourceTree = "<group>"; };
/* End PBXFileReference section */

/* Begin PBXFileSystemSynchronizedBuildFileExceptionSet section */
		A8AC4BAD2F164EE6009C0010 /* Exceptions for "CartoonifyTests" folder in "Cartoonify" target */ = {
			isa = PBXFileSystemSynchronizedBuildFileExceptionSet;
			membershipExceptions = (
				CartoonifyTests.swift,
			);
			target = A8AC4B762F164EB2009C0010 /* Cartoonify */;
		};
		A8AC4BAE2F164EE6009C0010 /* Exceptions for "CartoonifyTests" folder in "CartoonifyTests" target */ = {
			isa = PBXFileSystemSynchronizedBuildFileExceptionSet;
			membershipExceptions = (
				CartoonifyTests.swift,
			);
			target = A8AC4B832F164EB3009C0010 /* CartoonifyTests */;
		};
/* End PBXFileSystemSynchronizedBuildFileExceptionSet section */

/* Begin PBXFileSystemSynchronizedRootGroup section */
		A8AC4B792F164EB2009C0010 /* Cartoonify */ = {
			isa = PBXFileSystemSynchronizedRootGroup;
			path = Cartoonify;
			sourceTree = "<group>";
		};
		A8AC4B912F164EB3009C0010 /* CartoonifyUITests */ = {
			isa = PBXFileSystemSynchronizedRootGroup;
			path = CartoonifyUITests;
			sourceTree = "<group>";
		};
		A8AC4BAB2F164EE6009C0010 /* CartoonifyTests */ = {
			isa = PBXFileSystemSynchronizedRootGroup;
			exceptions = (
				A8AC4BAD2F164EE6009C0010 /* Exceptions for "CartoonifyTests" folder in "Cartoonify" target */,
				A8AC4BAE2F164EE6009C0010 /* Exceptions for "CartoonifyTests" folder in "CartoonifyTests" target */,
			);
			path = CartoonifyTests;
			sourceTree = "<group>";
		};
		A8AC4BBA2F165197009C0010 /* Constants */ = {
			isa = PBXFileSystemSynchronizedRootGroup;
			path = Constants;
			sourceTree = "<group>";
		};
		A8AC4BC12F166B05009C0010 /* View Models */ = {
			isa = PBXFileSystemSynchronizedRootGroup;
			path = "View Models";
			sourceTree = "<group>";
		};
		A8AC4BC52F166D2E009C0010 /* Enumerator */ = {
			isa = PBXFileSystemSynchronizedRootGroup;
			path = Enumerator;
			sourceTree = "<group>";
		};
		A8AC4BD52F1672DE009C0010 /* Models */ = {
			isa = PBXFileSystemSynchronizedRootGroup;
			path = Models;
			sourceTree = "<group>";
		};
		A8AC4C3E2F249352009C0010 /* Manager */ = {
			isa = PBXFileSystemSynchronizedRootGroup;
			path = Manager;
			sourceTree = "<group>";
		};
/* End PBXFileSystemSynchronizedRootGroup section */

/* Begin PBXFrameworksBuildPhase section */
		A8AC4B742F164EB2009C0010 /* Frameworks */ = {
			isa = PBXFrameworksBuildPhase;
			buildActionMask = 2147483647;
			files = (
				A8AC4C202F2492CA009C0010 /* PostgREST in Frameworks */,
				A8AC4C1E2F2492CA009C0010 /* Functions in Frameworks */,
				A8AC4C4D2F27A1B3009C0010 /* Supabase in Frameworks */,
				A8AC4C1C2F2492C9009C0010 /* Auth in Frameworks */,
				A8AC4C242F2492CA009C0010 /* Storage in Frameworks */,
				A8AC4C222F2492CA009C0010 /* Realtime in Frameworks */,
			);
			runOnlyForDeploymentPostprocessing = 0;
		};
		A8AC4B812F164EB3009C0010 /* Frameworks */ = {
			isa = PBXFrameworksBuildPhase;
			buildActionMask = 2147483647;
			files = (
			);
			runOnlyForDeploymentPostprocessing = 0;
		};
		A8AC4B8B2F164EB3009C0010 /* Frameworks */ = {
			isa = PBXFrameworksBuildPhase;
			buildActionMask = 2147483647;
			files = (
			);
			runOnlyForDeploymentPostprocessing = 0;
		};
/* End PBXFrameworksBuildPhase section */

/* Begin PBXGroup section */
		A8AC4B6E2F164EB2009C0010 = {
			isa = PBXGroup;
			children = (
				A8AC4C3E2F249352009C0010 /* Manager */,
				A8AC4B792F164EB2009C0010 /* Cartoonify */,
				A8AC4BC52F166D2E009C0010 /* Enumerator */,
				A8AC4BBA2F165197009C0010 /* Constants */,
				A8AC4BB42F164F58009C0010 /* Resources */,
				A8AC4BD52F1672DE009C0010 /* Models */,
				A8AC4BC12F166B05009C0010 /* View Models */,
				A8AC4BB02F164F08009C0010 /* Views */,
				A8AC4BAB2F164EE6009C0010 /* CartoonifyTests */,
				A8AC4B912F164EB3009C0010 /* CartoonifyUITests */,
				A8AC4B782F164EB2009C0010 /* Products */,
			);
			sourceTree = "<group>";
		};
		A8AC4B782F164EB2009C0010 /* Products */ = {
			isa = PBXGroup;
			children = (
				A8AC4B772F164EB2009C0010 /* Cartoonify.app */,
				A8AC4B842F164EB3009C0010 /* CartoonifyTests.xctest */,
				A8AC4B8E2F164EB3009C0010 /* CartoonifyUITests.xctest */,
			);
			name = Products;
			sourceTree = "<group>";
		};
		A8AC4BB02F164F08009C0010 /* Views */ = {
			isa = PBXGroup;
			children = (
				A8AC4C852F2B337A009C0010 /* TabBar */,
				A8AC4BFA2F23718F009C0010 /* Profile */,
				A8AC4BF72F23717B009C0010 /* Favorites */,
				A8AC4BF42F237150009C0010 /* Home */,
				A8AC4BDC2F173269009C0010 /* Login */,
			);
			path = Views;
			sourceTree = "<group>";
		};
		A8AC4BB42F164F58009C0010 /* Resources */ = {
			isa = PBXGroup;
			children = (
				A8AC4BB52F164F5D009C0010 /* Image */,
			);
			path = Resources;
			sourceTree = "<group>";
		};
		A8AC4BB52F164F5D009C0010 /* Image */ = {
			isa = PBXGroup;
			children = (
				A8AC4B7E2F164EB3009C0010 /* Assets.xcassets */,
			);
			path = Image;
			sourceTree = "<group>";
		};
		A8AC4BC92F16711C009C0010 /* ReusableView */ = {
			isa = PBXGroup;
			children = (
				A8AC4BD32F16722E009C0010 /* BottomView.swift */,
				A8AC4BD12F167217009C0010 /* SegmentedView.swift */,
				A8AC4BCF2F16719D009C0010 /* TopView.swift */,
				A8AC4BCC2F16715F009C0010 /* AuthTextFieldStyle.swift */,
				A8AC4BCA2F167139009C0010 /* AuthButtonStyle.swift */,
			);
			path = ReusableView;
			sourceTree = "<group>";
		};
		A8AC4BDC2F173269009C0010 /* Login */ = {
			isa = PBXGroup;
			children = (
				A8AC4BDD2F173274009C0010 /* View */,
				A8AC4BC92F16711C009C0010 /* ReusableView */,
			);
			path = Login;
			sourceTree = "<group>";
		};
		A8AC4BDD2F173274009C0010 /* View */ = {
			isa = PBXGroup;
			children = (
				A8AC4B7C2F164EB2009C0010 /* LoginRegisterView.swift */,
			);
			path = View;
			sourceTree = "<group>";
		};
		A8AC4BF42F237150009C0010 /* Home */ = {
			isa = PBXGroup;
			children = (
				A8AC4BF62F237170009C0010 /* View */,
				A8AC4BF52F237160009C0010 /* ReusableView */,
			);
			path = Home;
			sourceTree = "<group>";
		};
		A8AC4BF52F237160009C0010 /* ReusableView */ = {
			isa = PBXGroup;
			children = (
				A8AC4C962F2E39F6009C0010 /* KeyboardObserver.swift */,
				A8AC4C7D2F29D824009C0010 /* VerticalCartoonCard.swift */,
				A8AC4C792F290586009C0010 /* VerticalCartoonList.swift */,
				A8AC4C712F2880CA009C0010 /* CategorySelectorView.swift */,
				A8AC4C6F2F2880B6009C0010 /* CategoryButton.swift */,
				A8AC4C502F27A301009C0010 /* CartoonThumbnail.swift */,
				A8AC4C4E2F27A2E9009C0010 /* HorizontalCartoonList.swift */,
				A8AC4C472F2734C8009C0010 /* SectionHeaderView.swift */,
				A8AC4C452F24999A009C0010 /* SearchTextField.swift */,
				A8AC4C162F24688C009C0010 /* HomeTopView.swift */,
			);
			path = ReusableView;
			sourceTree = "<group>";
		};
		A8AC4BF62F237170009C0010 /* View */ = {
			isa = PBXGroup;
			children = (
				A8AC4C182F2468B1009C0010 /* HomeView.swift */,
			);
			path = View;
			sourceTree = "<group>";
		};
		A8AC4BF72F23717B009C0010 /* Favorites */ = {
			isa = PBXGroup;
			children = (
				A8AC4BF92F237189009C0010 /* View */,
				A8AC4BF82F237183009C0010 /* ReusableView */,
			);
			path = Favorites;
			sourceTree = "<group>";
		};
		A8AC4BF82F237183009C0010 /* ReusableView */ = {
			isa = PBXGroup;
			children = (
				A8AC4C9B2F31A5FB009C0010 /* FavoriteCard.swift */,
			);
			path = ReusableView;
			sourceTree = "<group>";
		};
		A8AC4BF92F237189009C0010 /* View */ = {
			isa = PBXGroup;
			children = (
				A8AC4C8B2F2B342B009C0010 /* FavoriteView.swift */,
			);
			path = View;
			sourceTree = "<group>";
		};
		A8AC4BFA2F23718F009C0010 /* Profile */ = {
			isa = PBXGroup;
			children = (
				A8AC4BFC2F23719B009C0010 /* View */,
				A8AC4BFB2F237194009C0010 /* ReusableView */,
			);
			path = Profile;
			sourceTree = "<group>";
		};
		A8AC4BFB2F237194009C0010 /* ReusableView */ = {
			isa = PBXGroup;
			children = (
			);
			path = ReusableView;
			sourceTree = "<group>";
		};
		A8AC4BFC2F23719B009C0010 /* View */ = {
			isa = PBXGroup;
			children = (
				A8AC4C8D2F2B3436009C0010 /* ProfileView.swift */,
			);
			path = View;
			sourceTree = "<group>";
		};
		A8AC4C852F2B337A009C0010 /* TabBar */ = {
			isa = PBXGroup;
			children = (
				A8AC4C8F2F2B96E5009C0010 /* ReusableComponent */,
				A8AC4C862F2B3386009C0010 /* View */,
			);
			path = TabBar;
			sourceTree = "<group>";
		};
		A8AC4C862F2B3386009C0010 /* View */ = {
			isa = PBXGroup;
			children = (
				A8AC4C892F2B33F8009C0010 /* MainTabView.swift */,
				A8AC4C872F2B3390009C0010 /* FloatingTabBarView.swift */,
			);
			path = View;
			sourceTree = "<group>";
		};
		A8AC4C8F2F2B96E5009C0010 /* ReusableComponent */ = {
			isa = PBXGroup;
			children = (
				A8AC4C902F2B96F1009C0010 /* ScrollOffsetPreferenceKey.swift */,
			);
			path = ReusableComponent;
			sourceTree = "<group>";
		};
/* End PBXGroup section */

/* Begin PBXNativeTarget section */
		A8AC4B762F164EB2009C0010 /* Cartoonify */ = {
			isa = PBXNativeTarget;
			buildConfigurationList = A8AC4B982F164EB3009C0010 /* Build configuration list for PBXNativeTarget "Cartoonify" */;
			buildPhases = (
				A8AC4B732F164EB2009C0010 /* Sources */,
				A8AC4B742F164EB2009C0010 /* Frameworks */,
				A8AC4B752F164EB2009C0010 /* Resources */,
			);
			buildRules = (
			);
			dependencies = (
			);
			fileSystemSynchronizedGroups = (
				A8AC4B792F164EB2009C0010 /* Cartoonify */,
				A8AC4BAB2F164EE6009C0010 /* CartoonifyTests */,
				A8AC4BBA2F165197009C0010 /* Constants */,
				A8AC4BC12F166B05009C0010 /* View Models */,
				A8AC4BC52F166D2E009C0010 /* Enumerator */,
				A8AC4BD52F1672DE009C0010 /* Models */,
				A8AC4C3E2F249352009C0010 /* Manager */,
			);
			name = Cartoonify;
			packageProductDependencies = (
				A8AC4C1B2F2492C9009C0010 /* Auth */,
				A8AC4C1D2F2492CA009C0010 /* Functions */,
				A8AC4C1F2F2492CA009C0010 /* PostgREST */,
				A8AC4C212F2492CA009C0010 /* Realtime */,
				A8AC4C232F2492CA009C0010 /* Storage */,
				A8AC4C4C2F27A1B3009C0010 /* Supabase */,
			);
			productName = Cartoonify;
			productReference = A8AC4B772F164EB2009C0010 /* Cartoonify.app */;
			productType = "com.apple.product-type.application";
		};
		A8AC4B832F164EB3009C0010 /* CartoonifyTests */ = {
			isa = PBXNativeTarget;
			buildConfigurationList = A8AC4B9B2F164EB3009C0010 /* Build configuration list for PBXNativeTarget "CartoonifyTests" */;
			buildPhases = (
				A8AC4B802F164EB3009C0010 /* Sources */,
				A8AC4B812F164EB3009C0010 /* Frameworks */,
				A8AC4B822F164EB3009C0010 /* Resources */,
			);
			buildRules = (
			);
			dependencies = (
				A8AC4B862F164EB3009C0010 /* PBXTargetDependency */,
			);
			name = CartoonifyTests;
			packageProductDependencies = (
			);
			productName = CartoonifyTests;
			productReference = A8AC4B842F164EB3009C0010 /* CartoonifyTests.xctest */;
			productType = "com.apple.product-type.bundle.unit-test";
		};
		A8AC4B8D2F164EB3009C0010 /* CartoonifyUITests */ = {
			isa = PBXNativeTarget;
			buildConfigurationList = A8AC4B9E2F164EB3009C0010 /* Build configuration list for PBXNativeTarget "CartoonifyUITests" */;
			buildPhases = (
				A8AC4B8A2F164EB3009C0010 /* Sources */,
				A8AC4B8B2F164EB3009C0010 /* Frameworks */,
				A8AC4B8C2F164EB3009C0010 /* Resources */,
			);
			buildRules = (
			);
			dependencies = (
				A8AC4B902F164EB3009C0010 /* PBXTargetDependency */,
			);
			fileSystemSynchronizedGroups = (
				A8AC4B912F164EB3009C0010 /* CartoonifyUITests */,
			);
			name = CartoonifyUITests;
			packageProductDependencies = (
			);
			productName = CartoonifyUITests;
			productReference = A8AC4B8E2F164EB3009C0010 /* CartoonifyUITests.xctest */;
			productType = "com.apple.product-type.bundle.ui-testing";
		};
/* End PBXNativeTarget section */

/* Begin PBXProject section */
		A8AC4B6F2F164EB2009C0010 /* Project object */ = {
			isa = PBXProject;
			attributes = {
				BuildIndependentTargetsInParallel = 1;
				LastSwiftUpdateCheck = 1630;
				LastUpgradeCheck = 1630;
				TargetAttributes = {
					A8AC4B762F164EB2009C0010 = {
						CreatedOnToolsVersion = 16.3;
					};
					A8AC4B832F164EB3009C0010 = {
						CreatedOnToolsVersion = 16.3;
						TestTargetID = A8AC4B762F164EB2009C0010;
					};
					A8AC4B8D2F164EB3009C0010 = {
						CreatedOnToolsVersion = 16.3;
						TestTargetID = A8AC4B762F164EB2009C0010;
					};
				};
			};
			buildConfigurationList = A8AC4B722F164EB2009C0010 /* Build configuration list for PBXProject "Cartoonify" */;
			developmentRegion = en;
			hasScannedForEncodings = 0;
			knownRegions = (
				en,
				Base,
			);
			mainGroup = A8AC4B6E2F164EB2009C0010;
			minimizedProjectReferenceProxies = 1;
			packageReferences = (
				A8AC4C1A2F2492C9009C0010 /* XCRemoteSwiftPackageReference "supabase-swift" */,
			);
			preferredProjectObjectVersion = 77;
			productRefGroup = A8AC4B782F164EB2009C0010 /* Products */;
			projectDirPath = "";
			projectRoot = "";
			targets = (
				A8AC4B762F164EB2009C0010 /* Cartoonify */,
				A8AC4B832F164EB3009C0010 /* CartoonifyTests */,
				A8AC4B8D2F164EB3009C0010 /* CartoonifyUITests */,
			);
		};
/* End PBXProject section */

/* Begin PBXResourcesBuildPhase section */
		A8AC4B752F164EB2009C0010 /* Resources */ = {
			isa = PBXResourcesBuildPhase;
			buildActionMask = 2147483647;
			files = (
				A8AC4B7F2F164EB3009C0010 /* Assets.xcassets in Resources */,
			);
			runOnlyForDeploymentPostprocessing = 0;
		};
		A8AC4B822F164EB3009C0010 /* Resources */ = {
			isa = PBXResourcesBuildPhase;
			buildActionMask = 2147483647;
			files = (
			);
			runOnlyForDeploymentPostprocessing = 0;
		};
		A8AC4B8C2F164EB3009C0010 /* Resources */ = {
			isa = PBXResourcesBuildPhase;
			buildActionMask = 2147483647;
			files = (
			);
			runOnlyForDeploymentPostprocessing = 0;
		};
/* End PBXResourcesBuildPhase section */

/* Begin PBXSourcesBuildPhase section */
		A8AC4B732F164EB2009C0010 /* Sources */ = {
			isa = PBXSourcesBuildPhase;
			buildActionMask = 2147483647;
			files = (
				A8AC4BD42F167235009C0010 /* BottomView.swift in Sources */,
				A8AC4C512F27A307009C0010 /* CartoonThumbnail.swift in Sources */,
				A8AC4C8A2F2B33FA009C0010 /* MainTabView.swift in Sources */,
				A8AC4BD02F16719F009C0010 /* TopView.swift in Sources */,
				A8AC4C882F2B3393009C0010 /* FloatingTabBarView.swift in Sources */,
				A8AC4C8C2F2B3430009C0010 /* FavoriteView.swift in Sources */,
				A8AC4C9C2F31A5FF009C0010 /* FavoriteCard.swift in Sources */,
				A8AC4C462F24999E009C0010 /* SearchTextField.swift in Sources */,
				A8AC4B7D2F164EB2009C0010 /* LoginRegisterView.swift in Sources */,
				A8AC4BCD2F16716A009C0010 /* AuthTextFieldStyle.swift in Sources */,
				A8AC4BD22F16722A009C0010 /* SegmentedView.swift in Sources */,
				A8AC4C7E2F29D827009C0010 /* VerticalCartoonCard.swift in Sources */,
				A8AC4C172F24688F009C0010 /* HomeTopView.swift in Sources */,
				A8AC4C4F2F27A2F0009C0010 /* HorizontalCartoonList.swift in Sources */,
				A8AC4C482F2734C8009C0010 /* SectionHeaderView.swift in Sources */,
				A8AC4C912F2B96FC009C0010 /* ScrollOffsetPreferenceKey.swift in Sources */,
				A8AC4BCB2F16713C009C0010 /* AuthButtonStyle.swift in Sources */,
				A8AC4C192F2468B4009C0010 /* HomeView.swift in Sources */,
				A8AC4C702F2880BA009C0010 /* CategoryButton.swift in Sources */,
				A8AC4C722F2880CF009C0010 /* CategorySelectorView.swift in Sources */,
				A8AC4C972F2E39FC009C0010 /* KeyboardObserver.swift in Sources */,
				A8AC4C7A2F29058B009C0010 /* VerticalCartoonList.swift in Sources */,
				A8AC4C8E2F2B3439009C0010 /* ProfileView.swift in Sources */,
			);
			runOnlyForDeploymentPostprocessing = 0;
		};
		A8AC4B802F164EB3009C0010 /* Sources */ = {
			isa = PBXSourcesBuildPhase;
			buildActionMask = 2147483647;
			files = (
			);
			runOnlyForDeploymentPostprocessing = 0;
		};
		A8AC4B8A2F164EB3009C0010 /* Sources */ = {
			isa = PBXSourcesBuildPhase;
			buildActionMask = 2147483647;
			files = (
			);
			runOnlyForDeploymentPostprocessing = 0;
		};
/* End PBXSourcesBuildPhase section */

/* Begin PBXTargetDependency section */
		A8AC4B862F164EB3009C0010 /* PBXTargetDependency */ = {
			isa = PBXTargetDependency;
			target = A8AC4B762F164EB2009C0010 /* Cartoonify */;
			targetProxy = A8AC4B852F164EB3009C0010 /* PBXContainerItemProxy */;
		};
		A8AC4B902F164EB3009C0010 /* PBXTargetDependency */ = {
			isa = PBXTargetDependency;
			target = A8AC4B762F164EB2009C0010 /* Cartoonify */;
			targetProxy = A8AC4B8F2F164EB3009C0010 /* PBXContainerItemProxy */;
		};
/* End PBXTargetDependency section */

/* Begin XCBuildConfiguration section */
		A8AC4B962F164EB3009C0010 /* Debug */ = {
			isa = XCBuildConfiguration;
			buildSettings = {
				ALWAYS_SEARCH_USER_PATHS = NO;
				ASSETCATALOG_COMPILER_GENERATE_SWIFT_ASSET_SYMBOL_EXTENSIONS = YES;
				CLANG_ANALYZER_NONNULL = YES;
				CLANG_ANALYZER_NUMBER_OBJECT_CONVERSION = YES_AGGRESSIVE;
				CLANG_CXX_LANGUAGE_STANDARD = "gnu++20";
				CLANG_ENABLE_MODULES = YES;
				CLANG_ENABLE_OBJC_ARC = YES;
				CLANG_ENABLE_OBJC_WEAK = YES;
				CLANG_WARN_BLOCK_CAPTURE_AUTORELEASING = YES;
				CLANG_WARN_BOOL_CONVERSION = YES;
				CLANG_WARN_COMMA = YES;
				CLANG_WARN_CONSTANT_CONVERSION = YES;
				CLANG_WARN_DEPRECATED_OBJC_IMPLEMENTATIONS = YES;
				CLANG_WARN_DIRECT_OBJC_ISA_USAGE = YES_ERROR;
				CLANG_WARN_DOCUMENTATION_COMMENTS = YES;
				CLANG_WARN_EMPTY_BODY = YES;
				CLANG_WARN_ENUM_CONVERSION = YES;
				CLANG_WARN_INFINITE_RECURSION = YES;
				CLANG_WARN_INT_CONVERSION = YES;
				CLANG_WARN_NON_LITERAL_NULL_CONVERSION = YES;
				CLANG_WARN_OBJC_IMPLICIT_RETAIN_SELF = YES;
				CLANG_WARN_OBJC_LITERAL_CONVERSION = YES;
				CLANG_WARN_OBJC_ROOT_CLASS = YES_ERROR;
				CLANG_WARN_QUOTED_INCLUDE_IN_FRAMEWORK_HEADER = YES;
				CLANG_WARN_RANGE_LOOP_ANALYSIS = YES;
				CLANG_WARN_STRICT_PROTOTYPES = YES;
				CLANG_WARN_SUSPICIOUS_MOVE = YES;
				CLANG_WARN_UNGUARDED_AVAILABILITY = YES_AGGRESSIVE;
				CLANG_WARN_UNREACHABLE_CODE = YES;
				CLANG_WARN__DUPLICATE_METHOD_MATCH = YES;
				COPY_PHASE_STRIP = NO;
				DEBUG_INFORMATION_FORMAT = dwarf;
				DEVELOPMENT_TEAM = DY9KFZXZVA;
				ENABLE_STRICT_OBJC_MSGSEND = YES;
				ENABLE_TESTABILITY = YES;
				ENABLE_USER_SCRIPT_SANDBOXING = YES;
				GCC_C_LANGUAGE_STANDARD = gnu17;
				GCC_DYNAMIC_NO_PIC = NO;
				GCC_NO_COMMON_BLOCKS = YES;
				GCC_OPTIMIZATION_LEVEL = 0;
				GCC_PREPROCESSOR_DEFINITIONS = (
					"DEBUG=1",
					"$(inherited)",
				);
				GCC_WARN_64_TO_32_BIT_CONVERSION = YES;
				GCC_WARN_ABOUT_RETURN_TYPE = YES_ERROR;
				GCC_WARN_UNDECLARED_SELECTOR = YES;
				GCC_WARN_UNINITIALIZED_AUTOS = YES_AGGRESSIVE;
				GCC_WARN_UNUSED_FUNCTION = YES;
				GCC_WARN_UNUSED_VARIABLE = YES;
				IPHONEOS_DEPLOYMENT_TARGET = 18.4;
				LOCALIZATION_PREFERS_STRING_CATALOGS = YES;
				MTL_ENABLE_DEBUG_INFO = INCLUDE_SOURCE;
				MTL_FAST_MATH = YES;
				ONLY_ACTIVE_ARCH = YES;
				SDKROOT = iphoneos;
				SWIFT_ACTIVE_COMPILATION_CONDITIONS = "DEBUG $(inherited)";
				SWIFT_OPTIMIZATION_LEVEL = "-Onone";
			};
			name = Debug;
		};
		A8AC4B972F164EB3009C0010 /* Release */ = {
			isa = XCBuildConfiguration;
			buildSettings = {
				ALWAYS_SEARCH_USER_PATHS = NO;
				ASSETCATALOG_COMPILER_GENERATE_SWIFT_ASSET_SYMBOL_EXTENSIONS = YES;
				CLANG_ANALYZER_NONNULL = YES;
				CLANG_ANALYZER_NUMBER_OBJECT_CONVERSION = YES_AGGRESSIVE;
				CLANG_CXX_LANGUAGE_STANDARD = "gnu++20";
				CLANG_ENABLE_MODULES = YES;
				CLANG_ENABLE_OBJC_ARC = YES;
				CLANG_ENABLE_OBJC_WEAK = YES;
				CLANG_WARN_BLOCK_CAPTURE_AUTORELEASING = YES;
				CLANG_WARN_BOOL_CONVERSION = YES;
				CLANG_WARN_COMMA = YES;
				CLANG_WARN_CONSTANT_CONVERSION = YES;
				CLANG_WARN_DEPRECATED_OBJC_IMPLEMENTATIONS = YES;
				CLANG_WARN_DIRECT_OBJC_ISA_USAGE = YES_ERROR;
				CLANG_WARN_DOCUMENTATION_COMMENTS = YES;
				CLANG_WARN_EMPTY_BODY = YES;
				CLANG_WARN_ENUM_CONVERSION = YES;
				CLANG_WARN_INFINITE_RECURSION = YES;
				CLANG_WARN_INT_CONVERSION = YES;
				CLANG_WARN_NON_LITERAL_NULL_CONVERSION = YES;
				CLANG_WARN_OBJC_IMPLICIT_RETAIN_SELF = YES;
				CLANG_WARN_OBJC_LITERAL_CONVERSION = YES;
				CLANG_WARN_OBJC_ROOT_CLASS = YES_ERROR;
				CLANG_WARN_QUOTED_INCLUDE_IN_FRAMEWORK_HEADER = YES;
				CLANG_WARN_RANGE_LOOP_ANALYSIS = YES;
				CLANG_WARN_STRICT_PROTOTYPES = YES;
				CLANG_WARN_SUSPICIOUS_MOVE = YES;
				CLANG_WARN_UNGUARDED_AVAILABILITY = YES_AGGRESSIVE;
				CLANG_WARN_UNREACHABLE_CODE = YES;
				CLANG_WARN__DUPLICATE_METHOD_MATCH = YES;
				COPY_PHASE_STRIP = NO;
				DEBUG_INFORMATION_FORMAT = "dwarf-with-dsym";
				DEVELOPMENT_TEAM = DY9KFZXZVA;
				ENABLE_NS_ASSERTIONS = NO;
				ENABLE_STRICT_OBJC_MSGSEND = YES;
				ENABLE_USER_SCRIPT_SANDBOXING = YES;
				GCC_C_LANGUAGE_STANDARD = gnu17;
				GCC_NO_COMMON_BLOCKS = YES;
				GCC_WARN_64_TO_32_BIT_CONVERSION = YES;
				GCC_WARN_ABOUT_RETURN_TYPE = YES_ERROR;
				GCC_WARN_UNDECLARED_SELECTOR = YES;
				GCC_WARN_UNINITIALIZED_AUTOS = YES_AGGRESSIVE;
				GCC_WARN_UNUSED_FUNCTION = YES;
				GCC_WARN_UNUSED_VARIABLE = YES;
				IPHONEOS_DEPLOYMENT_TARGET = 18.4;
				LOCALIZATION_PREFERS_STRING_CATALOGS = YES;
				MTL_ENABLE_DEBUG_INFO = NO;
				MTL_FAST_MATH = YES;
				SDKROOT = iphoneos;
				SWIFT_COMPILATION_MODE = wholemodule;
				VALIDATE_PRODUCT = YES;
			};
			name = Release;
		};
		A8AC4B992F164EB3009C0010 /* Debug */ = {
			isa = XCBuildConfiguration;
			buildSettings = {
				ASSETCATALOG_COMPILER_APPICON_NAME = AppIcon;
				ASSETCATALOG_COMPILER_GLOBAL_ACCENT_COLOR_NAME = AccentColor;
				CODE_SIGN_STYLE = Automatic;
				CURRENT_PROJECT_VERSION = 1;
				DEVELOPMENT_TEAM = DY9KFZXZVA;
				ENABLE_PREVIEWS = YES;
				GENERATE_INFOPLIST_FILE = YES;
				INFOPLIST_KEY_UIApplicationSceneManifest_Generation = YES;
				INFOPLIST_KEY_UIApplicationSupportsIndirectInputEvents = YES;
				INFOPLIST_KEY_UILaunchScreen_Generation = YES;
				INFOPLIST_KEY_UISupportedInterfaceOrientations_iPad = "UIInterfaceOrientationPortrait UIInterfaceOrientationPortraitUpsideDown UIInterfaceOrientationLandscapeLeft UIInterfaceOrientationLandscapeRight";
				INFOPLIST_KEY_UISupportedInterfaceOrientations_iPhone = "UIInterfaceOrientationPortrait UIInterfaceOrientationLandscapeLeft UIInterfaceOrientationLandscapeRight";
				IPHONEOS_DEPLOYMENT_TARGET = 16.6;
				LD_RUNPATH_SEARCH_PATHS = (
					"$(inherited)",
					"@executable_path/Frameworks",
				);
				MARKETING_VERSION = 1.0;
				PRODUCT_BUNDLE_IDENTIFIER = com.project.Cartoonify;
				PRODUCT_NAME = "$(TARGET_NAME)";
				SWIFT_EMIT_LOC_STRINGS = YES;
				SWIFT_VERSION = 5.0;
				TARGETED_DEVICE_FAMILY = "1,2";
			};
			name = Debug;
		};
		A8AC4B9A2F164EB3009C0010 /* Release */ = {
			isa = XCBuildConfiguration;
			buildSettings = {
				ASSETCATALOG_COMPILER_APPICON_NAME = AppIcon;
				ASSETCATALOG_COMPILER_GLOBAL_ACCENT_COLOR_NAME = AccentColor;
				CODE_SIGN_STYLE = Automatic;
				CURRENT_PROJECT_VERSION = 1;
				DEVELOPMENT_TEAM = DY9KFZXZVA;
				ENABLE_PREVIEWS = YES;
				GENERATE_INFOPLIST_FILE = YES;
				INFOPLIST_KEY_UIApplicationSceneManifest_Generation = YES;
				INFOPLIST_KEY_UIApplicationSupportsIndirectInputEvents = YES;
				INFOPLIST_KEY_UILaunchScreen_Generation = YES;
				INFOPLIST_KEY_UISupportedInterfaceOrientations_iPad = "UIInterfaceOrientationPortrait UIInterfaceOrientationPortraitUpsideDown UIInterfaceOrientationLandscapeLeft UIInterfaceOrientationLandscapeRight";
				INFOPLIST_KEY_UISupportedInterfaceOrientations_iPhone = "UIInterfaceOrientationPortrait UIInterfaceOrientationLandscapeLeft UIInterfaceOrientationLandscapeRight";
				IPHONEOS_DEPLOYMENT_TARGET = 16.6;
				LD_RUNPATH_SEARCH_PATHS = (
					"$(inherited)",
					"@executable_path/Frameworks",
				);
				MARKETING_VERSION = 1.0;
				PRODUCT_BUNDLE_IDENTIFIER = com.project.Cartoonify;
				PRODUCT_NAME = "$(TARGET_NAME)";
				SWIFT_EMIT_LOC_STRINGS = YES;
				SWIFT_VERSION = 5.0;
				TARGETED_DEVICE_FAMILY = "1,2";
			};
			name = Release;
		};
		A8AC4B9C2F164EB3009C0010 /* Debug */ = {
			isa = XCBuildConfiguration;
			buildSettings = {
				BUNDLE_LOADER = "$(TEST_HOST)";
				CODE_SIGN_STYLE = Automatic;
				CURRENT_PROJECT_VERSION = 1;
				DEVELOPMENT_TEAM = DY9KFZXZVA;
				GENERATE_INFOPLIST_FILE = YES;
				IPHONEOS_DEPLOYMENT_TARGET = 18.4;
				MARKETING_VERSION = 1.0;
				PRODUCT_BUNDLE_IDENTIFIER = com.project.CartoonifyTests;
				PRODUCT_NAME = "$(TARGET_NAME)";
				SWIFT_EMIT_LOC_STRINGS = NO;
				SWIFT_VERSION = 5.0;
				TARGETED_DEVICE_FAMILY = "1,2";
				TEST_HOST = "$(BUILT_PRODUCTS_DIR)/Cartoonify.app/$(BUNDLE_EXECUTABLE_FOLDER_PATH)/Cartoonify";
			};
			name = Debug;
		};
		A8AC4B9D2F164EB3009C0010 /* Release */ = {
			isa = XCBuildConfiguration;
			buildSettings = {
				BUNDLE_LOADER = "$(TEST_HOST)";
				CODE_SIGN_STYLE = Automatic;
				CURRENT_PROJECT_VERSION = 1;
				DEVELOPMENT_TEAM = DY9KFZXZVA;
				GENERATE_INFOPLIST_FILE = YES;
				IPHONEOS_DEPLOYMENT_TARGET = 18.4;
				MARKETING_VERSION = 1.0;
				PRODUCT_BUNDLE_IDENTIFIER = com.project.CartoonifyTests;
				PRODUCT_NAME = "$(TARGET_NAME)";
				SWIFT_EMIT_LOC_STRINGS = NO;
				SWIFT_VERSION = 5.0;
				TARGETED_DEVICE_FAMILY = "1,2";
				TEST_HOST = "$(BUILT_PRODUCTS_DIR)/Cartoonify.app/$(BUNDLE_EXECUTABLE_FOLDER_PATH)/Cartoonify";
			};
			name = Release;
		};
		A8AC4B9F2F164EB3009C0010 /* Debug */ = {
			isa = XCBuildConfiguration;
			buildSettings = {
				CODE_SIGN_STYLE = Automatic;
				CURRENT_PROJECT_VERSION = 1;
				DEVELOPMENT_TEAM = DY9KFZXZVA;
				GENERATE_INFOPLIST_FILE = YES;
				MARKETING_VERSION = 1.0;
				PRODUCT_BUNDLE_IDENTIFIER = com.project.CartoonifyUITests;
				PRODUCT_NAME = "$(TARGET_NAME)";
				SWIFT_EMIT_LOC_STRINGS = NO;
				SWIFT_VERSION = 5.0;
				TARGETED_DEVICE_FAMILY = "1,2";
				TEST_TARGET_NAME = Cartoonify;
			};
			name = Debug;
		};
		A8AC4BA02F164EB3009C0010 /* Release */ = {
			isa = XCBuildConfiguration;
			buildSettings = {
				CODE_SIGN_STYLE = Automatic;
				CURRENT_PROJECT_VERSION = 1;
				DEVELOPMENT_TEAM = DY9KFZXZVA;
				GENERATE_INFOPLIST_FILE = YES;
				MARKETING_VERSION = 1.0;
				PRODUCT_BUNDLE_IDENTIFIER = com.project.CartoonifyUITests;
				PRODUCT_NAME = "$(TARGET_NAME)";
				SWIFT_EMIT_LOC_STRINGS = NO;
				SWIFT_VERSION = 5.0;
				TARGETED_DEVICE_FAMILY = "1,2";
				TEST_TARGET_NAME = Cartoonify;
			};
			name = Release;
		};
/* End XCBuildConfiguration section */

/* Begin XCConfigurationList section */
		A8AC4B722F164EB2009C0010 /* Build configuration list for PBXProject "Cartoonify" */ = {
			isa = XCConfigurationList;
			buildConfigurations = (
				A8AC4B962F164EB3009C0010 /* Debug */,
				A8AC4B972F164EB3009C0010 /* Release */,
			);
			defaultConfigurationIsVisible = 0;
			defaultConfigurationName = Release;
		};
		A8AC4B982F164EB3009C0010 /* Build configuration list for PBXNativeTarget "Cartoonify" */ = {
			isa = XCConfigurationList;
			buildConfigurations = (
				A8AC4B992F164EB3009C0010 /* Debug */,
				A8AC4B9A2F164EB3009C0010 /* Release */,
			);
			defaultConfigurationIsVisible = 0;
			defaultConfigurationName = Release;
		};
		A8AC4B9B2F164EB3009C0010 /* Build configuration list for PBXNativeTarget "CartoonifyTests" */ = {
			isa = XCConfigurationList;
			buildConfigurations = (
				A8AC4B9C2F164EB3009C0010 /* Debug */,
				A8AC4B9D2F164EB3009C0010 /* Release */,
			);
			defaultConfigurationIsVisible = 0;
			defaultConfigurationName = Release;
		};
		A8AC4B9E2F164EB3009C0010 /* Build configuration list for PBXNativeTarget "CartoonifyUITests" */ = {
			isa = XCConfigurationList;
			buildConfigurations = (
				A8AC4B9F2F164EB3009C0010 /* Debug */,
				A8AC4BA02F164EB3009C0010 /* Release */,
			);
			defaultConfigurationIsVisible = 0;
			defaultConfigurationName = Release;
		};
/* End XCConfigurationList section */

/* Begin XCRemoteSwiftPackageReference section */
		A8AC4C1A2F2492C9009C0010 /* XCRemoteSwiftPackageReference "supabase-swift" */ = {
			isa = XCRemoteSwiftPackageReference;
			repositoryURL = "https://github.com/supabase/supabase-swift.git";
			requirement = {
				kind = upToNextMajorVersion;
				minimumVersion = 2.5.1;
			};
		};
/* End XCRemoteSwiftPackageReference section */

/* Begin XCSwiftPackageProductDependency section */
		A8AC4C1B2F2492C9009C0010 /* Auth */ = {
			isa = XCSwiftPackageProductDependency;
			package = A8AC4C1A2F2492C9009C0010 /* XCRemoteSwiftPackageReference "supabase-swift" */;
			productName = Auth;
		};
		A8AC4C1D2F2492CA009C0010 /* Functions */ = {
			isa = XCSwiftPackageProductDependency;
			package = A8AC4C1A2F2492C9009C0010 /* XCRemoteSwiftPackageReference "supabase-swift" */;
			productName = Functions;
		};
		A8AC4C1F2F2492CA009C0010 /* PostgREST */ = {
			isa = XCSwiftPackageProductDependency;
			package = A8AC4C1A2F2492C9009C0010 /* XCRemoteSwiftPackageReference "supabase-swift" */;
			productName = PostgREST;
		};
		A8AC4C212F2492CA009C0010 /* Realtime */ = {
			isa = XCSwiftPackageProductDependency;
			package = A8AC4C1A2F2492C9009C0010 /* XCRemoteSwiftPackageReference "supabase-swift" */;
			productName = Realtime;
		};
		A8AC4C232F2492CA009C0010 /* Storage */ = {
			isa = XCSwiftPackageProductDependency;
			package = A8AC4C1A2F2492C9009C0010 /* XCRemoteSwiftPackageReference "supabase-swift" */;
			productName = Storage;
		};
		A8AC4C4C2F27A1B3009C0010 /* Supabase */ = {
			isa = XCSwiftPackageProductDependency;
			package = A8AC4C1A2F2492C9009C0010 /* XCRemoteSwiftPackageReference "supabase-swift" */;
			productName = Supabase;
		};
/* End XCSwiftPackageProductDependency section */
	};
	rootObject = A8AC4B6F2F164EB2009C0010 /* Project object */;
}
